
Microsoft Visual Studio Solution File, Format Version 11.00
# Visual Studio 2010
Project("{FAE04EC0-301F-11D3-BF4B-00C04F79EFBC}") = "Assembly-CSharp", "Assembly-CSharp.csproj", "{f32d0eeb-62c7-ddc3-3db7-caa294ccd32f}"
EndProject
Project("{FAE04EC0-301F-11D3-BF4B-00C04F79EFBC}") = "Assembly-CSharp-firstpass", "Assembly-CSharp-firstpass.csproj", "{b0d8afb2-0e18-4e7e-478a-acfd3d2d2882}"
EndProject
Global
	GlobalSection(SolutionConfigurationPlatforms) = preSolution
		Debug|Any CPU = Debug|Any CPU
		Release|Any CPU = Release|Any CPU
	EndGlobalSection
	GlobalSection(ProjectConfigurationPlatforms) = postSolution
		{f32d0eeb-62c7-ddc3-3db7-caa294ccd32f}.Debug|Any CPU.ActiveCfg = Debug|Any CPU
		{f32d0eeb-62c7-ddc3-3db7-caa294ccd32f}.Debug|Any CPU.Build.0 = Debug|Any CPU
		{f32d0eeb-62c7-ddc3-3db7-caa294ccd32f}.Release|Any CPU.ActiveCfg = Release|Any CPU
		{f32d0eeb-62c7-ddc3-3db7-caa294ccd32f}.Release|Any CPU.Build.0 = Release|Any CPU
		{b0d8afb2-0e18-4e7e-478a-acfd3d2d2882}.Debug|Any CPU.ActiveCfg = Debug|Any CPU
		{b0d8afb2-0e18-4e7e-478a-acfd3d2d2882}.Debug|Any CPU.Build.0 = Debug|Any CPU
		{b0d8afb2-0e18-4e7e-478a-acfd3d2d2882}.Release|Any CPU.ActiveCfg = Release|Any CPU
		{b0d8afb2-0e18-4e7e-478a-acfd3d2d2882}.Release|Any CPU.Build.0 = Release|Any CPU
	EndGlobalSection
	GlobalSection(SolutionProperties) = preSolution
		HideSolutionNode = FALSE
	EndGlobalSection
EndGlobal
